
Microsoft Visual Studio Solution File, Format Version 12.00
# Visual Studio Version 16
VisualStudioVersion = 16.0.28917.181
MinimumVisualStudioVersion = 10.0.40219.1
Project("{FAE04EC0-301F-11D3-BF4B-00C04F79EFBC}") = "ListView", "ListView\ListView.csproj", "{4F6A0A6E-BAB9-4737-8C9D-60E4FCFEBBB1}"
EndProject
Global
	GlobalSection(SolutionConfigurationPlatforms) = preSolution
		Debug|Any CPU = Debug|Any CPU
		Release|Any CPU = Release|Any CPU
	EndGlobalSection
	GlobalSection(ProjectConfigurationPlatforms) = postSolution
		{4F6A0A6E-BAB9-4737-8C9D-60E4FCFEBBB1}.Debug|Any CPU.ActiveCfg = Debug|Any CPU
		{4F6A0A6E-BAB9-4737-8C9D-60E4FCFEBBB1}.Debug|Any CPU.Build.0 = Debug|Any CPU
		{4F6A0A6E-BAB9-4737-8C9D-60E4FCFEBBB1}.Release|Any CPU.ActiveCfg = Release|Any CPU
		{4F6A0A6E-BAB9-4737-8C9D-60E4FCFEBBB1}.Release|Any CPU.Build.0 = Release|Any CPU
	EndGlobalSection
	GlobalSection(SolutionProperties) = preSolution
		HideSolutionNode = FALSE
	EndGlobalSection
	GlobalSection(ExtensibilityGlobals) = postSolution
		SolutionGuid = {94ECD45B-0D79-4152-8E9A-6948A2947509}
	EndGlobalSection
EndGlobal
